
Microsoft Visual Studio Solution File, Format Version 12.00
# Visual Studio Version 17
VisualStudioVersion = 17.9.34728.123
MinimumVisualStudioVersion = 10.0.40219.1
Project("{9A19103F-16F7-4668-BE54-9A1E7A4F7556}") = "application", "application\application.csproj", "{8E4C1D84-6E4C-4F43-9DCA-A1DCB0881BBE}"
EndProject
Project("{9A19103F-16F7-4668-BE54-9A1E7A4F7556}") = "core", "core\core.csproj", "{A30461BF-7F2B-4E5C-86FD-0E0264575714}"
EndProject
Global
	GlobalSection(SolutionConfigurationPlatforms) = preSolution
		Debug|Any CPU = Debug|Any CPU
		Release|Any CPU = Release|Any CPU
	EndGlobalSection
	GlobalSection(ProjectConfigurationPlatforms) = postSolution
		{8E4C1D84-6E4C-4F43-9DCA-A1DCB0881BBE}.Debug|Any CPU.ActiveCfg = Debug|Any CPU
		{8E4C1D84-6E4C-4F43-9DCA-A1DCB0881BBE}.Debug|Any CPU.Build.0 = Debug|Any CPU
		{8E4C1D84-6E4C-4F43-9DCA-A1DCB0881BBE}.Release|Any CPU.ActiveCfg = Release|Any CPU
		{8E4C1D84-6E4C-4F43-9DCA-A1DCB0881BBE}.Release|Any CPU.Build.0 = Release|Any CPU
		{A30461BF-7F2B-4E5C-86FD-0E0264575714}.Debug|Any CPU.ActiveCfg = Debug|Any CPU
		{A30461BF-7F2B-4E5C-86FD-0E0264575714}.Debug|Any CPU.Build.0 = Debug|Any CPU
		{A30461BF-7F2B-4E5C-86FD-0E0264575714}.Release|Any CPU.ActiveCfg = Release|Any CPU
		{A30461BF-7F2B-4E5C-86FD-0E0264575714}.Release|Any CPU.Build.0 = Release|Any CPU
	EndGlobalSection
	GlobalSection(SolutionProperties) = preSolution
		HideSolutionNode = FALSE
	EndGlobalSection
	GlobalSection(ExtensibilityGlobals) = postSolution
		SolutionGuid = {4BA6845A-39B3-42F2-81A9-320705CD497F}
	EndGlobalSection
EndGlobal
